
Microsoft Visual Studio Solution File, Format Version 12.00
# Visual Studio Version 16
VisualStudioVersion = 16.0.32929.386
MinimumVisualStudioVersion = 10.0.40219.1
Project("{FAE04EC0-301F-11D3-BF4B-00C04F79EFBC}") = "Task2", "Task2\Task2.csproj", "{99DFF4ED-F84F-45F7-B880-7D2565F5CEBF}"
EndProject
Global
	GlobalSection(SolutionConfigurationPlatforms) = preSolution
		Debug|Any CPU = Debug|Any CPU
		Release|Any CPU = Release|Any CPU
	EndGlobalSection
	GlobalSection(ProjectConfigurationPlatforms) = postSolution
		{99DFF4ED-F84F-45F7-B880-7D2565F5CEBF}.Debug|Any CPU.ActiveCfg = Debug|Any CPU
		{99DFF4ED-F84F-45F7-B880-7D2565F5CEBF}.Debug|Any CPU.Build.0 = Debug|Any CPU
		{99DFF4ED-F84F-45F7-B880-7D2565F5CEBF}.Release|Any CPU.ActiveCfg = Release|Any CPU
		{99DFF4ED-F84F-45F7-B880-7D2565F5CEBF}.Release|Any CPU.Build.0 = Release|Any CPU
	EndGlobalSection
	GlobalSection(SolutionProperties) = preSolution
		HideSolutionNode = FALSE
	EndGlobalSection
	GlobalSection(ExtensibilityGlobals) = postSolution
		SolutionGuid = {A4513CB4-4596-4D89-B350-A5D48213C525}
	EndGlobalSection
EndGlobal
